{
    "version": 3,
    "terraform_version": "0.11.14",
    "serial": 2,
    "lineage": "1cf033c3-b01f-c5ec-bd02-d8af3210bc71",
    "modules": [
        {
            "path": [
                "root"
            ],
            "outputs": {},
            "resources": {
                "aws_vpc.main": {
                    "type": "aws_vpc",
                    "depends_on": [],
                    "primary": {
                        "id": "vpc-08ded95d4fe030ba6",
                        "attributes": {
                            "arn": "arn:aws:ec2:us-east-1:389341792908:vpc/vpc-08ded95d4fe030ba6",
                            "assign_generated_ipv6_cidr_block": "false",
                            "cidr_block": "192.168.0.0/16",
                            "default_network_acl_id": "acl-00b74da43c257a3f1",
                            "default_route_table_id": "rtb-0fee0abd039dd66b4",
                            "default_security_group_id": "sg-0569f8def609d3b66",
                            "dhcp_options_id": "dopt-61c9b41b",
                            "enable_classiclink": "false",
                            "enable_classiclink_dns_support": "false",
                            "enable_dns_hostnames": "false",
                            "enable_dns_support": "true",
                            "id": "vpc-08ded95d4fe030ba6",
                            "instance_tenancy": "default",
                            "ipv6_association_id": "",
                            "ipv6_cidr_block": "",
                            "main_route_table_id": "rtb-0fee0abd039dd66b4",
                            "owner_id": "389341792908",
                            "tags.%": "1",
                            "tags.name": "Terraform"
                        },
                        "meta": {
                            "schema_version": "1"
                        },
                        "tainted": false
                    },
                    "deposed": [],
                    "provider": "provider.aws"
                }
            },
            "depends_on": []
        }
    ]
}
